
Microsoft Visual Studio Solution File, Format Version 12.00
# Visual Studio 15
VisualStudioVersion = 15.0.28307.852
MinimumVisualStudioVersion = 10.0.40219.1
Project("{FAE04EC0-301F-11D3-BF4B-00C04F79EFBC}") = "LeaveOnlineMobile.Android", "LeaveOnlineMobile\LeaveOnlineMobile.Android\LeaveOnlineMobile.Android.csproj", "{34623DCE-830B-48A8-9389-CBAAD33D8B27}"
EndProject
Project("{FAE04EC0-301F-11D3-BF4B-00C04F79EFBC}") = "LeaveOnlineMobile.iOS", "LeaveOnlineMobile\LeaveOnlineMobile.iOS\LeaveOnlineMobile.iOS.csproj", "{0763C7EA-1441-4561-B46E-7EB11971B3AE}"
EndProject
Project("{FAE04EC0-301F-11D3-BF4B-00C04F79EFBC}") = "LeaveOnlineMobile.UWP", "LeaveOnlineMobile\LeaveOnlineMobile.UWP\LeaveOnlineMobile.UWP.csproj", "{3EDA0DA0-6573-4E8C-BBCF-84A1222A53BA}"
EndProject
Project("{FAE04EC0-301F-11D3-BF4B-00C04F79EFBC}") = "LeaveOnlineMobile", "LeaveOnlineMobile\LeaveOnlineMobile\LeaveOnlineMobile.csproj", "{84504C24-A7C2-4A71-A715-A9C1EEF1ECA5}"
EndProject
Global
	GlobalSection(SolutionConfigurationPlatforms) = preSolution
		Ad-Hoc|Any CPU = Ad-Hoc|Any CPU
		Ad-Hoc|ARM = Ad-Hoc|ARM
		Ad-Hoc|iPhone = Ad-Hoc|iPhone
		Ad-Hoc|iPhoneSimulator = Ad-Hoc|iPhoneSimulator
		Ad-Hoc|x64 = Ad-Hoc|x64
		Ad-Hoc|x86 = Ad-Hoc|x86
		AppStore|Any CPU = AppStore|Any CPU
		AppStore|ARM = AppStore|ARM
		AppStore|iPhone = AppStore|iPhone
		AppStore|iPhoneSimulator = AppStore|iPhoneSimulator
		AppStore|x64 = AppStore|x64
		AppStore|x86 = AppStore|x86
		Debug|Any CPU = Debug|Any CPU
		Debug|ARM = Debug|ARM
		Debug|iPhone = Debug|iPhone
		Debug|iPhoneSimulator = Debug|iPhoneSimulator
		Debug|x64 = Debug|x64
		Debug|x86 = Debug|x86
		Release|Any CPU = Release|Any CPU
		Release|ARM = Release|ARM
		Release|iPhone = Release|iPhone
		Release|iPhoneSimulator = Release|iPhoneSimulator
		Release|x64 = Release|x64
		Release|x86 = Release|x86
	EndGlobalSection
	GlobalSection(ProjectConfigurationPlatforms) = postSolution
		{34623DCE-830B-48A8-9389-CBAAD33D8B27}.Ad-Hoc|Any CPU.ActiveCfg = Release|Any CPU
		{34623DCE-830B-48A8-9389-CBAAD33D8B27}.Ad-Hoc|Any CPU.Build.0 = Release|Any CPU
		{34623DCE-830B-48A8-9389-CBAAD33D8B27}.Ad-Hoc|Any CPU.Deploy.0 = Release|Any CPU
		{34623DCE-830B-48A8-9389-CBAAD33D8B27}.Ad-Hoc|ARM.ActiveCfg = Release|Any CPU
		{34623DCE-830B-48A8-9389-CBAAD33D8B27}.Ad-Hoc|ARM.Build.0 = Release|Any CPU
		{34623DCE-830B-48A8-9389-CBAAD33D8B27}.Ad-Hoc|ARM.Deploy.0 = Release|Any CPU
		{34623DCE-830B-48A8-9389-CBAAD33D8B27}.Ad-Hoc|iPhone.ActiveCfg = Release|Any CPU
		{34623DCE-830B-48A8-9389-CBAAD33D8B27}.Ad-Hoc|iPhone.Build.0 = Release|Any CPU
		{34623DCE-830B-48A8-9389-CBAAD33D8B27}.Ad-Hoc|iPhone.Deploy.0 = Release|Any CPU
		{34623DCE-830B-48A8-9389-CBAAD33D8B27}.Ad-Hoc|iPhoneSimulator.ActiveCfg = Release|Any CPU
		{34623DCE-830B-48A8-9389-CBAAD33D8B27}.Ad-Hoc|iPhoneSimulator.Build.0 = Release|Any CPU
		{34623DCE-830B-48A8-9389-CBAAD33D8B27}.Ad-Hoc|iPhoneSimulator.Deploy.0 = Release|Any CPU
		{34623DCE-830B-48A8-9389-CBAAD33D8B27}.Ad-Hoc|x64.ActiveCfg = Release|Any CPU
		{34623DCE-830B-48A8-9389-CBAAD33D8B27}.Ad-Hoc|x64.Build.0 = Release|Any CPU
		{34623DCE-830B-48A8-9389-CBAAD33D8B27}.Ad-Hoc|x64.Deploy.0 = Release|Any CPU
		{34623DCE-830B-48A8-9389-CBAAD33D8B27}.Ad-Hoc|x86.ActiveCfg = Release|Any CPU
		{34623DCE-830B-48A8-9389-CBAAD33D8B27}.Ad-Hoc|x86.Build.0 = Release|Any CPU
		{34623DCE-830B-48A8-9389-CBAAD33D8B27}.Ad-Hoc|x86.Deploy.0 = Release|Any CPU
		{34623DCE-830B-48A8-9389-CBAAD33D8B27}.AppStore|Any CPU.ActiveCfg = Release|Any CPU
		{34623DCE-830B-48A8-9389-CBAAD33D8B27}.AppStore|Any CPU.Build.0 = Release|Any CPU
		{34623DCE-830B-48A8-9389-CBAAD33D8B27}.AppStore|Any CPU.Deploy.0 = Release|Any CPU
		{34623DCE-830B-48A8-9389-CBAAD33D8B27}.AppStore|ARM.ActiveCfg = Release|Any CPU
		{34623DCE-830B-48A8-9389-CBAAD33D8B27}.AppStore|ARM.Build.0 = Release|Any CPU
		{34623DCE-830B-48A8-9389-CBAAD33D8B27}.AppStore|ARM.Deploy.0 = Release|Any CPU
		{34623DCE-830B-48A8-9389-CBAAD33D8B27}.AppStore|iPhone.ActiveCfg = Release|Any CPU
		{34623DCE-830B-48A8-9389-CBAAD33D8B27}.AppStore|iPhone.Build.0 = Release|Any CPU
		{34623DCE-830B-48A8-9389-CBAAD33D8B27}.AppStore|iPhone.Deploy.0 = Release|Any CPU
		{34623DCE-830B-48A8-9389-CBAAD33D8B27}.AppStore|iPhoneSimulator.ActiveCfg = Release|Any CPU
		{34623DCE-830B-48A8-9389-CBAAD33D8B27}.AppStore|iPhoneSimulator.Build.0 = Release|Any CPU
		{34623DCE-830B-48A8-9389-CBAAD33D8B27}.AppStore|iPhoneSimulator.Deploy.0 = Release|Any CPU
		{34623DCE-830B-48A8-9389-CBAAD33D8B27}.AppStore|x64.ActiveCfg = Release|Any CPU
		{34623DCE-830B-48A8-9389-CBAAD33D8B27}.AppStore|x64.Build.0 = Release|Any CPU
		{34623DCE-830B-48A8-9389-CBAAD33D8B27}.AppStore|x64.Deploy.0 = Release|Any CPU
		{34623DCE-830B-48A8-9389-CBAAD33D8B27}.AppStore|x86.ActiveCfg = Release|Any CPU
		{34623DCE-830B-48A8-9389-CBAAD33D8B27}.AppStore|x86.Build.0 = Release|Any CPU
		{34623DCE-830B-48A8-9389-CBAAD33D8B27}.AppStore|x86.Deploy.0 = Release|Any CPU
		{34623DCE-830B-48A8-9389-CBAAD33D8B27}.Debug|Any CPU.ActiveCfg = Debug|Any CPU
		{34623DCE-830B-48A8-9389-CBAAD33D8B27}.Debug|Any CPU.Build.0 = Debug|Any CPU
		{34623DCE-830B-48A8-9389-CBAAD33D8B27}.Debug|Any CPU.Deploy.0 = Debug|Any CPU
		{34623DCE-830B-48A8-9389-CBAAD33D8B27}.Debug|ARM.ActiveCfg = Debug|Any CPU
		{34623DCE-830B-48A8-9389-CBAAD33D8B27}.Debug|ARM.Build.0 = Debug|Any CPU
		{34623DCE-830B-48A8-9389-CBAAD33D8B27}.Debug|ARM.Deploy.0 = Debug|Any CPU
		{34623DCE-830B-48A8-9389-CBAAD33D8B27}.Debug|iPhone.ActiveCfg = Debug|Any CPU
		{34623DCE-830B-48A8-9389-CBAAD33D8B27}.Debug|iPhone.Build.0 = Debug|Any CPU
		{34623DCE-830B-48A8-9389-CBAAD33D8B27}.Debug|iPhone.Deploy.0 = Debug|Any CPU
		{34623DCE-830B-48A8-9389-CBAAD33D8B27}.Debug|iPhoneSimulator.ActiveCfg = Debug|Any CPU
		{34623DCE-830B-48A8-9389-CBAAD33D8B27}.Debug|iPhoneSimulator.Build.0 = Debug|Any CPU
		{34623DCE-830B-48A8-9389-CBAAD33D8B27}.Debug|iPhoneSimulator.Deploy.0 = Debug|Any CPU
		{34623DCE-830B-48A8-9389-CBAAD33D8B27}.Debug|x64.ActiveCfg = Debug|Any CPU
		{34623DCE-830B-48A8-9389-CBAAD33D8B27}.Debug|x64.Build.0 = Debug|Any CPU
		{34623DCE-830B-48A8-9389-CBAAD33D8B27}.Debug|x64.Deploy.0 = Debug|Any CPU
		{34623DCE-830B-48A8-9389-CBAAD33D8B27}.Debug|x86.ActiveCfg = Debug|Any CPU
		{34623DCE-830B-48A8-9389-CBAAD33D8B27}.Debug|x86.Build.0 = Debug|Any CPU
		{34623DCE-830B-48A8-9389-CBAAD33D8B27}.Debug|x86.Deploy.0 = Debug|Any CPU
		{34623DCE-830B-48A8-9389-CBAAD33D8B27}.Release|Any CPU.ActiveCfg = Release|Any CPU
		{34623DCE-830B-48A8-9389-CBAAD33D8B27}.Release|Any CPU.Build.0 = Release|Any CPU
		{34623DCE-830B-48A8-9389-CBAAD33D8B27}.Release|Any CPU.Deploy.0 = Release|Any CPU
		{34623DCE-830B-48A8-9389-CBAAD33D8B27}.Release|ARM.ActiveCfg = Release|Any CPU
		{34623DCE-830B-48A8-9389-CBAAD33D8B27}.Release|ARM.Build.0 = Release|Any CPU
		{34623DCE-830B-48A8-9389-CBAAD33D8B27}.Release|ARM.Deploy.0 = Release|Any CPU
		{34623DCE-830B-48A8-9389-CBAAD33D8B27}.Release|iPhone.ActiveCfg = Release|Any CPU
		{34623DCE-830B-48A8-9389-CBAAD33D8B27}.Release|iPhone.Build.0 = Release|Any CPU
		{34623DCE-830B-48A8-9389-CBAAD33D8B27}.Release|iPhone.Deploy.0 = Release|Any CPU
		{34623DCE-830B-48A8-9389-CBAAD33D8B27}.Release|iPhoneSimulator.ActiveCfg = Release|Any CPU
		{34623DCE-830B-48A8-9389-CBAAD33D8B27}.Release|iPhoneSimulator.Build.0 = Release|Any CPU
		{34623DCE-830B-48A8-9389-CBAAD33D8B27}.Release|iPhoneSimulator.Deploy.0 = Release|Any CPU
		{34623DCE-830B-48A8-9389-CBAAD33D8B27}.Release|x64.ActiveCfg = Release|Any CPU
		{34623DCE-830B-48A8-9389-CBAAD33D8B27}.Release|x64.Build.0 = Release|Any CPU
		{34623DCE-830B-48A8-9389-CBAAD33D8B27}.Release|x64.Deploy.0 = Release|Any CPU
		{34623DCE-830B-48A8-9389-CBAAD33D8B27}.Release|x86.ActiveCfg = Release|Any CPU
		{34623DCE-830B-48A8-9389-CBAAD33D8B27}.Release|x86.Build.0 = Release|Any CPU
		{34623DCE-830B-48A8-9389-CBAAD33D8B27}.Release|x86.Deploy.0 = Release|Any CPU
		{0763C7EA-1441-4561-B46E-7EB11971B3AE}.Ad-Hoc|Any CPU.ActiveCfg = Ad-Hoc|iPhone
		{0763C7EA-1441-4561-B46E-7EB11971B3AE}.Ad-Hoc|Any CPU.Build.0 = Ad-Hoc|iPhone
		{0763C7EA-1441-4561-B46E-7EB11971B3AE}.Ad-Hoc|Any CPU.Deploy.0 = Ad-Hoc|iPhone
		{0763C7EA-1441-4561-B46E-7EB11971B3AE}.Ad-Hoc|ARM.ActiveCfg = Ad-Hoc|iPhone
		{0763C7EA-1441-4561-B46E-7EB11971B3AE}.Ad-Hoc|ARM.Build.0 = Ad-Hoc|iPhone
		{0763C7EA-1441-4561-B46E-7EB11971B3AE}.Ad-Hoc|ARM.Deploy.0 = Ad-Hoc|iPhone
		{0763C7EA-1441-4561-B46E-7EB11971B3AE}.Ad-Hoc|iPhone.ActiveCfg = Ad-Hoc|iPhone
		{0763C7EA-1441-4561-B46E-7EB11971B3AE}.Ad-Hoc|iPhone.Build.0 = Ad-Hoc|iPhone
		{0763C7EA-1441-4561-B46E-7EB11971B3AE}.Ad-Hoc|iPhone.Deploy.0 = Ad-Hoc|iPhone
		{0763C7EA-1441-4561-B46E-7EB11971B3AE}.Ad-Hoc|iPhoneSimulator.ActiveCfg = Ad-Hoc|iPhoneSimulator
		{0763C7EA-1441-4561-B46E-7EB11971B3AE}.Ad-Hoc|iPhoneSimulator.Build.0 = Ad-Hoc|iPhoneSimulator
		{0763C7EA-1441-4561-B46E-7EB11971B3AE}.Ad-Hoc|iPhoneSimulator.Deploy.0 = Ad-Hoc|iPhoneSimulator
		{0763C7EA-1441-4561-B46E-7EB11971B3AE}.Ad-Hoc|x64.ActiveCfg = Ad-Hoc|iPhone
		{0763C7EA-1441-4561-B46E-7EB11971B3AE}.Ad-Hoc|x64.Build.0 = Ad-Hoc|iPhone
		{0763C7EA-1441-4561-B46E-7EB11971B3AE}.Ad-Hoc|x64.Deploy.0 = Ad-Hoc|iPhone
		{0763C7EA-1441-4561-B46E-7EB11971B3AE}.Ad-Hoc|x86.ActiveCfg = Ad-Hoc|iPhone
		{0763C7EA-1441-4561-B46E-7EB11971B3AE}.Ad-Hoc|x86.Build.0 = Ad-Hoc|iPhone
		{0763C7EA-1441-4561-B46E-7EB11971B3AE}.Ad-Hoc|x86.Deploy.0 = Ad-Hoc|iPhone
		{0763C7EA-1441-4561-B46E-7EB11971B3AE}.AppStore|Any CPU.ActiveCfg = AppStore|iPhone
		{0763C7EA-1441-4561-B46E-7EB11971B3AE}.AppStore|Any CPU.Build.0 = AppStore|iPhone
		{0763C7EA-1441-4561-B46E-7EB11971B3AE}.AppStore|Any CPU.Deploy.0 = AppStore|iPhone
		{0763C7EA-1441-4561-B46E-7EB11971B3AE}.AppStore|ARM.ActiveCfg = AppStore|iPhone
		{0763C7EA-1441-4561-B46E-7EB11971B3AE}.AppStore|ARM.Build.0 = AppStore|iPhone
		{0763C7EA-1441-4561-B46E-7EB11971B3AE}.AppStore|ARM.Deploy.0 = AppStore|iPhone
		{0763C7EA-1441-4561-B46E-7EB11971B3AE}.AppStore|iPhone.ActiveCfg = AppStore|iPhone
		{0763C7EA-1441-4561-B46E-7EB11971B3AE}.AppStore|iPhone.Build.0 = AppStore|iPhone
		{0763C7EA-1441-4561-B46E-7EB11971B3AE}.AppStore|iPhone.Deploy.0 = AppStore|iPhone
		{0763C7EA-1441-4561-B46E-7EB11971B3AE}.AppStore|iPhoneSimulator.ActiveCfg = AppStore|iPhoneSimulator
		{0763C7EA-1441-4561-B46E-7EB11971B3AE}.AppStore|iPhoneSimulator.Build.0 = AppStore|iPhoneSimulator
		{0763C7EA-1441-4561-B46E-7EB11971B3AE}.AppStore|iPhoneSimulator.Deploy.0 = AppStore|iPhoneSimulator
		{0763C7EA-1441-4561-B46E-7EB11971B3AE}.AppStore|x64.ActiveCfg = AppStore|iPhone
		{0763C7EA-1441-4561-B46E-7EB11971B3AE}.AppStore|x64.Build.0 = AppStore|iPhone
		{0763C7EA-1441-4561-B46E-7EB11971B3AE}.AppStore|x64.Deploy.0 = AppStore|iPhone
		{0763C7EA-1441-4561-B46E-7EB11971B3AE}.AppStore|x86.ActiveCfg = AppStore|iPhone
		{0763C7EA-1441-4561-B46E-7EB11971B3AE}.AppStore|x86.Build.0 = AppStore|iPhone
		{0763C7EA-1441-4561-B46E-7EB11971B3AE}.AppStore|x86.Deploy.0 = AppStore|iPhone
		{0763C7EA-1441-4561-B46E-7EB11971B3AE}.Debug|Any CPU.ActiveCfg = Debug|iPhone
		{0763C7EA-1441-4561-B46E-7EB11971B3AE}.Debug|Any CPU.Build.0 = Debug|iPhone
		{0763C7EA-1441-4561-B46E-7EB11971B3AE}.Debug|Any CPU.Deploy.0 = Debug|iPhone
		{0763C7EA-1441-4561-B46E-7EB11971B3AE}.Debug|ARM.ActiveCfg = Debug|iPhone
		{0763C7EA-1441-4561-B46E-7EB11971B3AE}.Debug|ARM.Build.0 = Debug|iPhone
		{0763C7EA-1441-4561-B46E-7EB11971B3AE}.Debug|ARM.Deploy.0 = Debug|iPhone
		{0763C7EA-1441-4561-B46E-7EB11971B3AE}.Debug|iPhone.ActiveCfg = Debug|iPhone
		{0763C7EA-1441-4561-B46E-7EB11971B3AE}.Debug|iPhone.Build.0 = Debug|iPhone
		{0763C7EA-1441-4561-B46E-7EB11971B3AE}.Debug|iPhone.Deploy.0 = Debug|iPhone
		{0763C7EA-1441-4561-B46E-7EB11971B3AE}.Debug|iPhoneSimulator.ActiveCfg = Debug|iPhoneSimulator
		{0763C7EA-1441-4561-B46E-7EB11971B3AE}.Debug|iPhoneSimulator.Build.0 = Debug|iPhoneSimulator
		{0763C7EA-1441-4561-B46E-7EB11971B3AE}.Debug|iPhoneSimulator.Deploy.0 = Debug|iPhoneSimulator
		{0763C7EA-1441-4561-B46E-7EB11971B3AE}.Debug|x64.ActiveCfg = Debug|iPhone
		{0763C7EA-1441-4561-B46E-7EB11971B3AE}.Debug|x64.Build.0 = Debug|iPhone
		{0763C7EA-1441-4561-B46E-7EB11971B3AE}.Debug|x64.Deploy.0 = Debug|iPhone
		{0763C7EA-1441-4561-B46E-7EB11971B3AE}.Debug|x86.ActiveCfg = Debug|iPhoneSimulator
		{0763C7EA-1441-4561-B46E-7EB11971B3AE}.Debug|x86.Build.0 = Debug|iPhoneSimulator
		{0763C7EA-1441-4561-B46E-7EB11971B3AE}.Debug|x86.Deploy.0 = Debug|iPhoneSimulator
		{0763C7EA-1441-4561-B46E-7EB11971B3AE}.Release|Any CPU.ActiveCfg = Release|iPhone
		{0763C7EA-1441-4561-B46E-7EB11971B3AE}.Release|Any CPU.Build.0 = Release|iPhone
		{0763C7EA-1441-4561-B46E-7EB11971B3AE}.Release|Any CPU.Deploy.0 = Release|iPhone
		{0763C7EA-1441-4561-B46E-7EB11971B3AE}.Release|ARM.ActiveCfg = Release|iPhone
		{0763C7EA-1441-4561-B46E-7EB11971B3AE}.Release|ARM.Build.0 = Release|iPhone
		{0763C7EA-1441-4561-B46E-7EB11971B3AE}.Release|ARM.Deploy.0 = Release|iPhone
		{0763C7EA-1441-4561-B46E-7EB11971B3AE}.Release|iPhone.ActiveCfg = Release|iPhone
		{0763C7EA-1441-4561-B46E-7EB11971B3AE}.Release|iPhone.Build.0 = Release|iPhone
		{0763C7EA-1441-4561-B46E-7EB11971B3AE}.Release|iPhone.Deploy.0 = Release|iPhone
		{0763C7EA-1441-4561-B46E-7EB11971B3AE}.Release|iPhoneSimulator.ActiveCfg = Release|iPhoneSimulator
		{0763C7EA-1441-4561-B46E-7EB11971B3AE}.Release|iPhoneSimulator.Build.0 = Release|iPhoneSimulator
		{0763C7EA-1441-4561-B46E-7EB11971B3AE}.Release|iPhoneSimulator.Deploy.0 = Release|iPhoneSimulator
		{0763C7EA-1441-4561-B46E-7EB11971B3AE}.Release|x64.ActiveCfg = Release|iPhone
		{0763C7EA-1441-4561-B46E-7EB11971B3AE}.Release|x64.Build.0 = Release|iPhone
		{0763C7EA-1441-4561-B46E-7EB11971B3AE}.Release|x64.Deploy.0 = Release|iPhone
		{0763C7EA-1441-4561-B46E-7EB11971B3AE}.Release|x86.ActiveCfg = Release|iPhone
		{0763C7EA-1441-4561-B46E-7EB11971B3AE}.Release|x86.Build.0 = Release|iPhone
		{0763C7EA-1441-4561-B46E-7EB11971B3AE}.Release|x86.Deploy.0 = Release|iPhone
		{3EDA0DA0-6573-4E8C-BBCF-84A1222A53BA}.Ad-Hoc|Any CPU.ActiveCfg = Release|x86
		{3EDA0DA0-6573-4E8C-BBCF-84A1222A53BA}.Ad-Hoc|Any CPU.Build.0 = Release|x86
		{3EDA0DA0-6573-4E8C-BBCF-84A1222A53BA}.Ad-Hoc|Any CPU.Deploy.0 = Release|x86
		{3EDA0DA0-6573-4E8C-BBCF-84A1222A53BA}.Ad-Hoc|ARM.ActiveCfg = Release|ARM
		{3EDA0DA0-6573-4E8C-BBCF-84A1222A53BA}.Ad-Hoc|ARM.Build.0 = Release|ARM
		{3EDA0DA0-6573-4E8C-BBCF-84A1222A53BA}.Ad-Hoc|ARM.Deploy.0 = Release|ARM
		{3EDA0DA0-6573-4E8C-BBCF-84A1222A53BA}.Ad-Hoc|iPhone.ActiveCfg = Release|x86
		{3EDA0DA0-6573-4E8C-BBCF-84A1222A53BA}.Ad-Hoc|iPhone.Build.0 = Release|x86
		{3EDA0DA0-6573-4E8C-BBCF-84A1222A53BA}.Ad-Hoc|iPhone.Deploy.0 = Release|x86
		{3EDA0DA0-6573-4E8C-BBCF-84A1222A53BA}.Ad-Hoc|iPhoneSimulator.ActiveCfg = Release|x86
		{3EDA0DA0-6573-4E8C-BBCF-84A1222A53BA}.Ad-Hoc|iPhoneSimulator.Build.0 = Release|x86
		{3EDA0DA0-6573-4E8C-BBCF-84A1222A53BA}.Ad-Hoc|iPhoneSimulator.Deploy.0 = Release|x86
		{3EDA0DA0-6573-4E8C-BBCF-84A1222A53BA}.Ad-Hoc|x64.ActiveCfg = Release|x64
		{3EDA0DA0-6573-4E8C-BBCF-84A1222A53BA}.Ad-Hoc|x64.Build.0 = Release|x64
		{3EDA0DA0-6573-4E8C-BBCF-84A1222A53BA}.Ad-Hoc|x64.Deploy.0 = Release|x64
		{3EDA0DA0-6573-4E8C-BBCF-84A1222A53BA}.Ad-Hoc|x86.ActiveCfg = Release|x86
		{3EDA0DA0-6573-4E8C-BBCF-84A1222A53BA}.Ad-Hoc|x86.Build.0 = Release|x86
		{3EDA0DA0-6573-4E8C-BBCF-84A1222A53BA}.Ad-Hoc|x86.Deploy.0 = Release|x86
		{3EDA0DA0-6573-4E8C-BBCF-84A1222A53BA}.AppStore|Any CPU.ActiveCfg = Release|x86
		{3EDA0DA0-6573-4E8C-BBCF-84A1222A53BA}.AppStore|Any CPU.Build.0 = Release|x86
		{3EDA0DA0-6573-4E8C-BBCF-84A1222A53BA}.AppStore|Any CPU.Deploy.0 = Release|x86
		{3EDA0DA0-6573-4E8C-BBCF-84A1222A53BA}.AppStore|ARM.ActiveCfg = Release|ARM
		{3EDA0DA0-6573-4E8C-BBCF-84A1222A53BA}.AppStore|ARM.Build.0 = Release|ARM
		{3EDA0DA0-6573-4E8C-BBCF-84A1222A53BA}.AppStore|ARM.Deploy.0 = Release|ARM
		{3EDA0DA0-6573-4E8C-BBCF-84A1222A53BA}.AppStore|iPhone.ActiveCfg = Release|x86
		{3EDA0DA0-6573-4E8C-BBCF-84A1222A53BA}.AppStore|iPhone.Build.0 = Release|x86
		{3EDA0DA0-6573-4E8C-BBCF-84A1222A53BA}.AppStore|iPhone.Deploy.0 = Release|x86
		{3EDA0DA0-6573-4E8C-BBCF-84A1222A53BA}.AppStore|iPhoneSimulator.ActiveCfg = Release|x86
		{3EDA0DA0-6573-4E8C-BBCF-84A1222A53BA}.AppStore|iPhoneSimulator.Build.0 = Release|x86
		{3EDA0DA0-6573-4E8C-BBCF-84A1222A53BA}.AppStore|iPhoneSimulator.Deploy.0 = Release|x86
		{3EDA0DA0-6573-4E8C-BBCF-84A1222A53BA}.AppStore|x64.ActiveCfg = Release|x64
		{3EDA0DA0-6573-4E8C-BBCF-84A1222A53BA}.AppStore|x64.Build.0 = Release|x64
		{3EDA0DA0-6573-4E8C-BBCF-84A1222A53BA}.AppStore|x64.Deploy.0 = Release|x64
		{3EDA0DA0-6573-4E8C-BBCF-84A1222A53BA}.AppStore|x86.ActiveCfg = Release|x86
		{3EDA0DA0-6573-4E8C-BBCF-84A1222A53BA}.AppStore|x86.Build.0 = Release|x86
		{3EDA0DA0-6573-4E8C-BBCF-84A1222A53BA}.AppStore|x86.Deploy.0 = Release|x86
		{3EDA0DA0-6573-4E8C-BBCF-84A1222A53BA}.Debug|Any CPU.ActiveCfg = Debug|x86
		{3EDA0DA0-6573-4E8C-BBCF-84A1222A53BA}.Debug|Any CPU.Build.0 = Debug|x86
		{3EDA0DA0-6573-4E8C-BBCF-84A1222A53BA}.Debug|Any CPU.Deploy.0 = Debug|x86
		{3EDA0DA0-6573-4E8C-BBCF-84A1222A53BA}.Debug|ARM.ActiveCfg = Debug|ARM
		{3EDA0DA0-6573-4E8C-BBCF-84A1222A53BA}.Debug|ARM.Build.0 = Debug|ARM
		{3EDA0DA0-6573-4E8C-BBCF-84A1222A53BA}.Debug|ARM.Deploy.0 = Debug|ARM
		{3EDA0DA0-6573-4E8C-BBCF-84A1222A53BA}.Debug|iPhone.ActiveCfg = Debug|x86
		{3EDA0DA0-6573-4E8C-BBCF-84A1222A53BA}.Debug|iPhone.Build.0 = Debug|x86
		{3EDA0DA0-6573-4E8C-BBCF-84A1222A53BA}.Debug|iPhone.Deploy.0 = Debug|x86
		{3EDA0DA0-6573-4E8C-BBCF-84A1222A53BA}.Debug|iPhoneSimulator.ActiveCfg = Debug|x86
		{3EDA0DA0-6573-4E8C-BBCF-84A1222A53BA}.Debug|iPhoneSimulator.Build.0 = Debug|x86
		{3EDA0DA0-6573-4E8C-BBCF-84A1222A53BA}.Debug|iPhoneSimulator.Deploy.0 = Debug|x86
		{3EDA0DA0-6573-4E8C-BBCF-84A1222A53BA}.Debug|x64.ActiveCfg = Debug|x64
		{3EDA0DA0-6573-4E8C-BBCF-84A1222A53BA}.Debug|x64.Build.0 = Debug|x64
		{3EDA0DA0-6573-4E8C-BBCF-84A1222A53BA}.Debug|x64.Deploy.0 = Debug|x64
		{3EDA0DA0-6573-4E8C-BBCF-84A1222A53BA}.Debug|x86.ActiveCfg = Debug|x86
		{3EDA0DA0-6573-4E8C-BBCF-84A1222A53BA}.Debug|x86.Build.0 = Debug|x86
		{3EDA0DA0-6573-4E8C-BBCF-84A1222A53BA}.Debug|x86.Deploy.0 = Debug|x86
		{3EDA0DA0-6573-4E8C-BBCF-84A1222A53BA}.Release|Any CPU.ActiveCfg = Release|x86
		{3EDA0DA0-6573-4E8C-BBCF-84A1222A53BA}.Release|Any CPU.Build.0 = Release|x86
		{3EDA0DA0-6573-4E8C-BBCF-84A1222A53BA}.Release|Any CPU.Deploy.0 = Release|x86
		{3EDA0DA0-6573-4E8C-BBCF-84A1222A53BA}.Release|ARM.ActiveCfg = Release|ARM
		{3EDA0DA0-6573-4E8C-BBCF-84A1222A53BA}.Release|ARM.Build.0 = Release|ARM
		{3EDA0DA0-6573-4E8C-BBCF-84A1222A53BA}.Release|ARM.Deploy.0 = Release|ARM
		{3EDA0DA0-6573-4E8C-BBCF-84A1222A53BA}.Release|iPhone.ActiveCfg = Release|x86
		{3EDA0DA0-6573-4E8C-BBCF-84A1222A53BA}.Release|iPhone.Build.0 = Release|x86
		{3EDA0DA0-6573-4E8C-BBCF-84A1222A53BA}.Release|iPhone.Deploy.0 = Release|x86
		{3EDA0DA0-6573-4E8C-BBCF-84A1222A53BA}.Release|iPhoneSimulator.ActiveCfg = Release|x86
		{3EDA0DA0-6573-4E8C-BBCF-84A1222A53BA}.Release|iPhoneSimulator.Build.0 = Release|x86
		{3EDA0DA0-6573-4E8C-BBCF-84A1222A53BA}.Release|iPhoneSimulator.Deploy.0 = Release|x86
		{3EDA0DA0-6573-4E8C-BBCF-84A1222A53BA}.Release|x64.ActiveCfg = Release|x64
		{3EDA0DA0-6573-4E8C-BBCF-84A1222A53BA}.Release|x64.Build.0 = Release|x64
		{3EDA0DA0-6573-4E8C-BBCF-84A1222A53BA}.Release|x64.Deploy.0 = Release|x64
		{3EDA0DA0-6573-4E8C-BBCF-84A1222A53BA}.Release|x86.ActiveCfg = Release|x86
		{3EDA0DA0-6573-4E8C-BBCF-84A1222A53BA}.Release|x86.Build.0 = Release|x86
		{3EDA0DA0-6573-4E8C-BBCF-84A1222A53BA}.Release|x86.Deploy.0 = Release|x86
		{84504C24-A7C2-4A71-A715-A9C1EEF1ECA5}.Ad-Hoc|Any CPU.ActiveCfg = Debug|Any CPU
		{84504C24-A7C2-4A71-A715-A9C1EEF1ECA5}.Ad-Hoc|Any CPU.Build.0 = Debug|Any CPU
		{84504C24-A7C2-4A71-A715-A9C1EEF1ECA5}.Ad-Hoc|Any CPU.Deploy.0 = Debug|Any CPU
		{84504C24-A7C2-4A71-A715-A9C1EEF1ECA5}.Ad-Hoc|ARM.ActiveCfg = Debug|Any CPU
		{84504C24-A7C2-4A71-A715-A9C1EEF1ECA5}.Ad-Hoc|ARM.Build.0 = Debug|Any CPU
		{84504C24-A7C2-4A71-A715-A9C1EEF1ECA5}.Ad-Hoc|ARM.Deploy.0 = Debug|Any CPU
		{84504C24-A7C2-4A71-A715-A9C1EEF1ECA5}.Ad-Hoc|iPhone.ActiveCfg = Debug|Any CPU
		{84504C24-A7C2-4A71-A715-A9C1EEF1ECA5}.Ad-Hoc|iPhone.Build.0 = Debug|Any CPU
		{84504C24-A7C2-4A71-A715-A9C1EEF1ECA5}.Ad-Hoc|iPhone.Deploy.0 = Debug|Any CPU
		{84504C24-A7C2-4A71-A715-A9C1EEF1ECA5}.Ad-Hoc|iPhoneSimulator.ActiveCfg = Debug|Any CPU
		{84504C24-A7C2-4A71-A715-A9C1EEF1ECA5}.Ad-Hoc|iPhoneSimulator.Build.0 = Debug|Any CPU
		{84504C24-A7C2-4A71-A715-A9C1EEF1ECA5}.Ad-Hoc|iPhoneSimulator.Deploy.0 = Debug|Any CPU
		{84504C24-A7C2-4A71-A715-A9C1EEF1ECA5}.Ad-Hoc|x64.ActiveCfg = Debug|Any CPU
		{84504C24-A7C2-4A71-A715-A9C1EEF1ECA5}.Ad-Hoc|x64.Build.0 = Debug|Any CPU
		{84504C24-A7C2-4A71-A715-A9C1EEF1ECA5}.Ad-Hoc|x64.Deploy.0 = Debug|Any CPU
		{84504C24-A7C2-4A71-A715-A9C1EEF1ECA5}.Ad-Hoc|x86.ActiveCfg = Debug|Any CPU
		{84504C24-A7C2-4A71-A715-A9C1EEF1ECA5}.Ad-Hoc|x86.Build.0 = Debug|Any CPU
		{84504C24-A7C2-4A71-A715-A9C1EEF1ECA5}.Ad-Hoc|x86.Deploy.0 = Debug|Any CPU
		{84504C24-A7C2-4A71-A715-A9C1EEF1ECA5}.AppStore|Any CPU.ActiveCfg = Debug|Any CPU
		{84504C24-A7C2-4A71-A715-A9C1EEF1ECA5}.AppStore|Any CPU.Build.0 = Debug|Any CPU
		{84504C24-A7C2-4A71-A715-A9C1EEF1ECA5}.AppStore|Any CPU.Deploy.0 = Debug|Any CPU
		{84504C24-A7C2-4A71-A715-A9C1EEF1ECA5}.AppStore|ARM.ActiveCfg = Debug|Any CPU
		{84504C24-A7C2-4A71-A715-A9C1EEF1ECA5}.AppStore|ARM.Build.0 = Debug|Any CPU
		{84504C24-A7C2-4A71-A715-A9C1EEF1ECA5}.AppStore|ARM.Deploy.0 = Debug|Any CPU
		{84504C24-A7C2-4A71-A715-A9C1EEF1ECA5}.AppStore|iPhone.ActiveCfg = Debug|Any CPU
		{84504C24-A7C2-4A71-A715-A9C1EEF1ECA5}.AppStore|iPhone.Build.0 = Debug|Any CPU
		{84504C24-A7C2-4A71-A715-A9C1EEF1ECA5}.AppStore|iPhone.Deploy.0 = Debug|Any CPU
		{84504C24-A7C2-4A71-A715-A9C1EEF1ECA5}.AppStore|iPhoneSimulator.ActiveCfg = Debug|Any CPU
		{84504C24-A7C2-4A71-A715-A9C1EEF1ECA5}.AppStore|iPhoneSimulator.Build.0 = Debug|Any CPU
		{84504C24-A7C2-4A71-A715-A9C1EEF1ECA5}.AppStore|iPhoneSimulator.Deploy.0 = Debug|Any CPU
		{84504C24-A7C2-4A71-A715-A9C1EEF1ECA5}.AppStore|x64.ActiveCfg = Debug|Any CPU
		{84504C24-A7C2-4A71-A715-A9C1EEF1ECA5}.AppStore|x64.Build.0 = Debug|Any CPU
		{84504C24-A7C2-4A71-A715-A9C1EEF1ECA5}.AppStore|x64.Deploy.0 = Debug|Any CPU
		{84504C24-A7C2-4A71-A715-A9C1EEF1ECA5}.AppStore|x86.ActiveCfg = Debug|Any CPU
		{84504C24-A7C2-4A71-A715-A9C1EEF1ECA5}.AppStore|x86.Build.0 = Debug|Any CPU
		{84504C24-A7C2-4A71-A715-A9C1EEF1ECA5}.AppStore|x86.Deploy.0 = Debug|Any CPU
		{84504C24-A7C2-4A71-A715-A9C1EEF1ECA5}.Debug|Any CPU.ActiveCfg = Debug|Any CPU
		{84504C24-A7C2-4A71-A715-A9C1EEF1ECA5}.Debug|Any CPU.Build.0 = Debug|Any CPU
		{84504C24-A7C2-4A71-A715-A9C1EEF1ECA5}.Debug|Any CPU.Deploy.0 = Debug|Any CPU
		{84504C24-A7C2-4A71-A715-A9C1EEF1ECA5}.Debug|ARM.ActiveCfg = Debug|Any CPU
		{84504C24-A7C2-4A71-A715-A9C1EEF1ECA5}.Debug|ARM.Build.0 = Debug|Any CPU
		{84504C24-A7C2-4A71-A715-A9C1EEF1ECA5}.Debug|ARM.Deploy.0 = Debug|Any CPU
		{84504C24-A7C2-4A71-A715-A9C1EEF1ECA5}.Debug|iPhone.ActiveCfg = Debug|Any CPU
		{84504C24-A7C2-4A71-A715-A9C1EEF1ECA5}.Debug|iPhone.Build.0 = Debug|Any CPU
		{84504C24-A7C2-4A71-A715-A9C1EEF1ECA5}.Debug|iPhone.Deploy.0 = Debug|Any CPU
		{84504C24-A7C2-4A71-A715-A9C1EEF1ECA5}.Debug|iPhoneSimulator.ActiveCfg = Debug|Any CPU
		{84504C24-A7C2-4A71-A715-A9C1EEF1ECA5}.Debug|iPhoneSimulator.Build.0 = Debug|Any CPU
		{84504C24-A7C2-4A71-A715-A9C1EEF1ECA5}.Debug|iPhoneSimulator.Deploy.0 = Debug|Any CPU
		{84504C24-A7C2-4A71-A715-A9C1EEF1ECA5}.Debug|x64.ActiveCfg = Debug|Any CPU
		{84504C24-A7C2-4A71-A715-A9C1EEF1ECA5}.Debug|x64.Build.0 = Debug|Any CPU
		{84504C24-A7C2-4A71-A715-A9C1EEF1ECA5}.Debug|x64.Deploy.0 = Debug|Any CPU
		{84504C24-A7C2-4A71-A715-A9C1EEF1ECA5}.Debug|x86.ActiveCfg = Debug|Any CPU
		{84504C24-A7C2-4A71-A715-A9C1EEF1ECA5}.Debug|x86.Build.0 = Debug|Any CPU
		{84504C24-A7C2-4A71-A715-A9C1EEF1ECA5}.Debug|x86.Deploy.0 = Debug|Any CPU
		{84504C24-A7C2-4A71-A715-A9C1EEF1ECA5}.Release|Any CPU.ActiveCfg = Release|Any CPU
		{84504C24-A7C2-4A71-A715-A9C1EEF1ECA5}.Release|Any CPU.Build.0 = Release|Any CPU
		{84504C24-A7C2-4A71-A715-A9C1EEF1ECA5}.Release|Any CPU.Deploy.0 = Release|Any CPU
		{84504C24-A7C2-4A71-A715-A9C1EEF1ECA5}.Release|ARM.ActiveCfg = Release|Any CPU
		{84504C24-A7C2-4A71-A715-A9C1EEF1ECA5}.Release|ARM.Build.0 = Release|Any CPU
		{84504C24-A7C2-4A71-A715-A9C1EEF1ECA5}.Release|ARM.Deploy.0 = Release|Any CPU
		{84504C24-A7C2-4A71-A715-A9C1EEF1ECA5}.Release|iPhone.ActiveCfg = Release|Any CPU
		{84504C24-A7C2-4A71-A715-A9C1EEF1ECA5}.Release|iPhone.Build.0 = Release|Any CPU
		{84504C24-A7C2-4A71-A715-A9C1EEF1ECA5}.Release|iPhone.Deploy.0 = Release|Any CPU
		{84504C24-A7C2-4A71-A715-A9C1EEF1ECA5}.Release|iPhoneSimulator.ActiveCfg = Release|Any CPU
		{84504C24-A7C2-4A71-A715-A9C1EEF1ECA5}.Release|iPhoneSimulator.Build.0 = Release|Any CPU
		{84504C24-A7C2-4A71-A715-A9C1EEF1ECA5}.Release|iPhoneSimulator.Deploy.0 = Release|Any CPU
		{84504C24-A7C2-4A71-A715-A9C1EEF1ECA5}.Release|x64.ActiveCfg = Release|Any CPU
		{84504C24-A7C2-4A71-A715-A9C1EEF1ECA5}.Release|x64.Build.0 = Release|Any CPU
		{84504C24-A7C2-4A71-A715-A9C1EEF1ECA5}.Release|x64.Deploy.0 = Release|Any CPU
		{84504C24-A7C2-4A71-A715-A9C1EEF1ECA5}.Release|x86.ActiveCfg = Release|Any CPU
		{84504C24-A7C2-4A71-A715-A9C1EEF1ECA5}.Release|x86.Build.0 = Release|Any CPU
		{84504C24-A7C2-4A71-A715-A9C1EEF1ECA5}.Release|x86.Deploy.0 = Release|Any CPU
	EndGlobalSection
	GlobalSection(SolutionProperties) = preSolution
		HideSolutionNode = FALSE
	EndGlobalSection
	GlobalSection(ExtensibilityGlobals) = postSolution
		SolutionGuid = {CF24FCBD-E687-42A4-9147-5BC6FEC91F57}
	EndGlobalSection
EndGlobal
